{
    "_meta": {
        "hash": {
            "sha256": "4301a11cdad05f89344a897b3d77a135b17bae32910def40c61e7d8088611e7f"
        },
        "pipfile-spec": 6,
        "requires": {
            "python_version": "3.10"
        },
        "sources": [
            {
                "name": "pypi",
                "url": "https://pypi.org/simple",
                "verify_ssl": true
            }
        ]
    },
    "default": {
        "pyglet": {
            "hashes": [
                "sha256:74a82ee184a673ef019200a5b7a528e95ea41ac32f6c227d2a333ab9ea0ff56d",
                "sha256:f891808c1bf65c7cc5131b0b26b047eae5cf37c7e253270964ac4b2f014774f2"
            ],
            "index": "pypi",
            "version": "==2.0.4"
        }
    },
    "develop": {}
}
